PODS:
  - KeychainSwift (9.0.2)
  - UPCarouselFlowLayout (1.1.1)

DEPENDENCIES:
  - KeychainSwift (~> 9.0)
  - UPCarouselFlowLayout

SPEC CHECKSUMS:
  KeychainSwift: 3ab1d428d0dbff59cd056f1d0bfc640b36c2b081
  UPCarouselFlowLayout: 02045c1505d63057fba3d9975be880a8d16bf17d

PODFILE CHECKSUM: 08315599eb50d2dda93f13a4cd62b6101fa7c6fa

COCOAPODS: 1.2.1
