// !$*UTF8*$!
{
	archiveVersion = 1;
	classes = {
	};
	objectVersion = 48;
	objects = {

/* Begin PBXBuildFile section */
		5E97F58C8BF6F4FF2C1C7256 /* Pods_Grocery.framework in Frameworks */ = {isa = PBXBuildFile; fileRef = A5403BC941B683735328BA79 /* Pods_Grocery.framework */; };
		6C11B1F11FA8E3C200ADB414 /* AppDelegate.swift in Sources */ = {isa = PBXBuildFile; fileRef = 6C11B1F01FA8E3C200ADB414 /* AppDelegate.swift */; };
		6C11B1F31FA8E3C200ADB414 /* ViewController.swift in Sources */ = {isa = PBXBuildFile; fileRef = 6C11B1F21FA8E3C200ADB414 /* ViewController.swift */; };
		6C11B1F61FA8E3C200ADB414 /* Main.storyboard in Resources */ = {isa = PBXBuildFile; fileRef = 6C11B1F41FA8E3C200ADB414 /* Main.storyboard */; };
		6C11B1F81FA8E3C200ADB414 /* Assets.xcassets in Resources */ = {isa = PBXBuildFile; fileRef = 6C11B1F71FA8E3C200ADB414 /* Assets.xcassets */; };
		6C11B1FB1FA8E3C200ADB414 /* LaunchScreen.storyboard in Resources */ = {isa = PBXBuildFile; fileRef = 6C11B1F91FA8E3C200ADB414 /* LaunchScreen.storyboard */; };
		6C3118EF1FB186C3001B7D47 /* WastonNetworking.swift in Sources */ = {isa = PBXBuildFile; fileRef = 6C3118EE1FB186C3001B7D47 /* WastonNetworking.swift */; };
		6C3118F11FB18B0C001B7D47 /* ImageClass.swift in Sources */ = {isa = PBXBuildFile; fileRef = 6C3118F01FB18B0C001B7D47 /* ImageClass.swift */; };
		6C7EC93B1FB239A20014393E /* RecipeNetworking.swift in Sources */ = {isa = PBXBuildFile; fileRef = 6C7EC93A1FB239A20014393E /* RecipeNetworking.swift */; };
		6C7EC93D1FB2424B0014393E /* Recipe.swift in Sources */ = {isa = PBXBuildFile; fileRef = 6C7EC93C1FB2424B0014393E /* Recipe.swift */; };
/* End PBXBuildFile section */

/* Begin PBXFileReference section */
		6C11B1ED1FA8E3C200ADB414 /* Grocery.app */ = {isa = PBXFileReference; explicitFileType = wrapper.application; includeInIndex = 0; path = Grocery.app; sourceTree = BUILT_PRODUCTS_DIR; };
		6C11B1F01FA8E3C200ADB414 /* AppDelegate.swift */ = {isa = PBXFileReference; lastKnownFileType = sourcecode.swift; path = AppDelegate.swift; sourceTree = "<group>"; };
		6C11B1F21FA8E3C200ADB414 /* ViewController.swift */ = {isa = PBXFileReference; lastKnownFileType = sourcecode.swift; path = ViewController.swift; sourceTree = "<group>"; };
		6C11B1F51FA8E3C200ADB414 /* Base */ = {isa = PBXFileReference; lastKnownFileType = file.storyboard; name = Base; path = Base.lproj/Main.storyboard; sourceTree = "<group>"; };
		6C11B1F71FA8E3C200ADB414 /* Assets.xcassets */ = {isa = PBXFileReference; lastKnownFileType = folder.assetcatalog; path = Assets.xcassets; sourceTree = "<group>"; };
		6C11B1FA1FA8E3C200ADB414 /* Base */ = {isa = PBXFileReference; lastKnownFileType = file.storyboard; name = Base; path = Base.lproj/LaunchScreen.storyboard; sourceTree = "<group>"; };
		6C11B1FC1FA8E3C200ADB414 /* Info.plist */ = {isa = PBXFileReference; lastKnownFileType = text.plist.xml; path = Info.plist; sourceTree = "<group>"; };
		6C3118EE1FB186C3001B7D47 /* WastonNetworking.swift */ = {isa = PBXFileReference; lastKnownFileType = sourcecode.swift; path = WastonNetworking.swift; sourceTree = "<group>"; };
		6C3118F01FB18B0C001B7D47 /* ImageClass.swift */ = {isa = PBXFileReference; lastKnownFileType = sourcecode.swift; path = ImageClass.swift; sourceTree = "<group>"; };
		6C7EC93A1FB239A20014393E /* RecipeNetworking.swift */ = {isa = PBXFileReference; lastKnownFileType = sourcecode.swift; path = RecipeNetworking.swift; sourceTree = "<group>"; };
		6C7EC93C1FB2424B0014393E /* Recipe.swift */ = {isa = PBXFileReference; lastKnownFileType = sourcecode.swift; path = Recipe.swift; sourceTree = "<group>"; };
		A5403BC941B683735328BA79 /* Pods_Grocery.framework */ = {isa = PBXFileReference; explicitFileType = wrapper.framework; includeInIndex = 0; path = Pods_Grocery.framework; sourceTree = BUILT_PRODUCTS_DIR; };
		B3BE1E9EFA1E45FEEE95B557 /* Pods-Grocery.release.xcconfig */ = {isa = PBXFileReference; includeInIndex = 1; lastKnownFileType = text.xcconfig; name = "Pods-Grocery.release.xcconfig"; path = "Pods/Target Support Files/Pods-Grocery/Pods-Grocery.release.xcconfig"; sourceTree = "<group>"; };
		C01729D2B147BD537DF98F32 /* Pods-Grocery.debug.xcconfig */ = {isa = PBXFileReference; includeInIndex = 1; lastKnownFileType = text.xcconfig; name = "Pods-Grocery.debug.xcconfig"; path = "Pods/Target Support Files/Pods-Grocery/Pods-Grocery.debug.xcconfig"; sourceTree = "<group>"; };
/* End PBXFileReference section */

/* Begin PBXFrameworksBuildPhase section */
		6C11B1EA1FA8E3C200ADB414 /* Frameworks */ = {
			isa = PBXFrameworksBuildPhase;
			buildActionMask = 2147483647;
			files = (
				5E97F58C8BF6F4FF2C1C7256 /* Pods_Grocery.framework in Frameworks */,
			);
			runOnlyForDeploymentPostprocessing = 0;
		};
/* End PBXFrameworksBuildPhase section */

/* Begin PBXGroup section */
		6C11B1E41FA8E3C200ADB414 = {
			isa = PBXGroup;
			children = (
				6C11B1EF1FA8E3C200ADB414 /* Grocery */,
				6C11B1EE1FA8E3C200ADB414 /* Products */,
				F64E06F0334E5C5EB1186EDE /* Pods */,
				6D97331AF6D65645CDCC6BE7 /* Frameworks */,
			);
			sourceTree = "<group>";
		};
		6C11B1EE1FA8E3C200ADB414 /* Products */ = {
			isa = PBXGroup;
			children = (
				6C11B1ED1FA8E3C200ADB414 /* Grocery.app */,
			);
			name = Products;
			sourceTree = "<group>";
		};
		6C11B1EF1FA8E3C200ADB414 /* Grocery */ = {
			isa = PBXGroup;
			children = (
				6C3118E91FB185FC001B7D47 /* Models */,
				6C3118EA1FB18607001B7D47 /* VCs */,
				6C3118EB1FB1861C001B7D47 /* Views */,
				6C3118EC1FB18626001B7D47 /* Services */,
				6C3118ED1FB18636001B7D47 /* Supporting */,
				6C11B1F41FA8E3C200ADB414 /* Main.storyboard */,
			);
			path = Grocery;
			sourceTree = "<group>";
		};
		6C3118E91FB185FC001B7D47 /* Models */ = {
			isa = PBXGroup;
			children = (
				6C3118F01FB18B0C001B7D47 /* ImageClass.swift */,
				6C7EC93C1FB2424B0014393E /* Recipe.swift */,
			);
			path = Models;
			sourceTree = "<group>";
		};
		6C3118EA1FB18607001B7D47 /* VCs */ = {
			isa = PBXGroup;
			children = (
				6C11B1F21FA8E3C200ADB414 /* ViewController.swift */,
			);
			path = VCs;
			sourceTree = "<group>";
		};
		6C3118EB1FB1861C001B7D47 /* Views */ = {
			isa = PBXGroup;
			children = (
			);
			path = Views;
			sourceTree = "<group>";
		};
		6C3118EC1FB18626001B7D47 /* Services */ = {
			isa = PBXGroup;
			children = (
				6C7EC93A1FB239A20014393E /* RecipeNetworking.swift */,
				6C3118EE1FB186C3001B7D47 /* WastonNetworking.swift */,
			);
			path = Services;
			sourceTree = "<group>";
		};
		6C3118ED1FB18636001B7D47 /* Supporting */ = {
			isa = PBXGroup;
			children = (
				6C11B1FC1FA8E3C200ADB414 /* Info.plist */,
				6C11B1F91FA8E3C200ADB414 /* LaunchScreen.storyboard */,
				6C11B1F71FA8E3C200ADB414 /* Assets.xcassets */,
				6C11B1F01FA8E3C200ADB414 /* AppDelegate.swift */,
			);
			path = Supporting;
			sourceTree = "<group>";
		};
		6D97331AF6D65645CDCC6BE7 /* Frameworks */ = {
			isa = PBXGroup;
			children = (
				A5403BC941B683735328BA79 /* Pods_Grocery.framework */,
			);
			name = Frameworks;
			sourceTree = "<group>";
		};
		F64E06F0334E5C5EB1186EDE /* Pods */ = {
			isa = PBXGroup;
			children = (
				C01729D2B147BD537DF98F32 /* Pods-Grocery.debug.xcconfig */,
				B3BE1E9EFA1E45FEEE95B557 /* Pods-Grocery.release.xcconfig */,
			);
			name = Pods;
			sourceTree = "<group>";
		};
/* End PBXGroup section */

/* Begin PBXNativeTarget section */
		6C11B1EC1FA8E3C200ADB414 /* Grocery */ = {
			isa = PBXNativeTarget;
			buildConfigurationList = 6C11B1FF1FA8E3C200ADB414 /* Build configuration list for PBXNativeTarget "Grocery" */;
			buildPhases = (
				F78FCEB91CF6EA1013B80132 /* [CP] Check Pods Manifest.lock */,
				6C11B1E91FA8E3C200ADB414 /* Sources */,
				6C11B1EA1FA8E3C200ADB414 /* Frameworks */,
				6C11B1EB1FA8E3C200ADB414 /* Resources */,
				0D7ED5B0AAD166FF5C352C2B /* [CP] Embed Pods Frameworks */,
				3FA214480BB51215D856B192 /* [CP] Copy Pods Resources */,
			);
			buildRules = (
			);
			dependencies = (
			);
			name = Grocery;
			productName = Grocery;
			productReference = 6C11B1ED1FA8E3C200ADB414 /* Grocery.app */;
			productType = "com.apple.product-type.application";
		};
/* End PBXNativeTarget section */

/* Begin PBXProject section */
		6C11B1E51FA8E3C200ADB414 /* Project object */ = {
			isa = PBXProject;
			attributes = {
				LastSwiftUpdateCheck = 0900;
				LastUpgradeCheck = 0900;
				ORGANIZATIONNAME = "Melody Yang";
				TargetAttributes = {
					6C11B1EC1FA8E3C200ADB414 = {
						CreatedOnToolsVersion = 9.0;
						ProvisioningStyle = Automatic;
					};
				};
			};
			buildConfigurationList = 6C11B1E81FA8E3C200ADB414 /* Build configuration list for PBXProject "Grocery" */;
			compatibilityVersion = "Xcode 8.0";
			developmentRegion = en;
			hasScannedForEncodings = 0;
			knownRegions = (
				en,
				Base,
			);
			mainGroup = 6C11B1E41FA8E3C200ADB414;
			productRefGroup = 6C11B1EE1FA8E3C200ADB414 /* Products */;
			projectDirPath = "";
			projectRoot = "";
			targets = (
				6C11B1EC1FA8E3C200ADB414 /* Grocery */,
			);
		};
/* End PBXProject section */

/* Begin PBXResourcesBuildPhase section */
		6C11B1EB1FA8E3C200ADB414 /* Resources */ = {
			isa = PBXResourcesBuildPhase;
			buildActionMask = 2147483647;
			files = (
				6C11B1FB1FA8E3C200ADB414 /* LaunchScreen.storyboard in Resources */,
				6C11B1F81FA8E3C200ADB414 /* Assets.xcassets in Resources */,
				6C11B1F61FA8E3C200ADB414 /* Main.storyboard in Resources */,
			);
			runOnlyForDeploymentPostprocessing = 0;
		};
/* End PBXResourcesBuildPhase section */

/* Begin PBXShellScriptBuildPhase section */
		0D7ED5B0AAD166FF5C352C2B /* [CP] Embed Pods Frameworks */ = {
			isa = PBXShellScriptBuildPhase;
			buildActionMask = 2147483647;
			files = (
			);
			inputPaths = (
			);
			name = "[CP] Embed Pods Frameworks";
			outputPaths = (
			);
			runOnlyForDeploymentPostprocessing = 0;
			shellPath = /bin/sh;
			shellScript = "\"${SRCROOT}/Pods/Target Support Files/Pods-Grocery/Pods-Grocery-frameworks.sh\"\n";
			showEnvVarsInLog = 0;
		};
		3FA214480BB51215D856B192 /* [CP] Copy Pods Resources */ = {
			isa = PBXShellScriptBuildPhase;
			buildActionMask = 2147483647;
			files = (
			);
			inputPaths = (
			);
			name = "[CP] Copy Pods Resources";
			outputPaths = (
			);
			runOnlyForDeploymentPostprocessing = 0;
			shellPath = /bin/sh;
			shellScript = "\"${SRCROOT}/Pods/Target Support Files/Pods-Grocery/Pods-Grocery-resources.sh\"\n";
			showEnvVarsInLog = 0;
		};
		F78FCEB91CF6EA1013B80132 /* [CP] Check Pods Manifest.lock */ = {
			isa = PBXShellScriptBuildPhase;
			buildActionMask = 2147483647;
			files = (
			);
			inputPaths = (
			);
			name = "[CP] Check Pods Manifest.lock";
			outputPaths = (
			);
			runOnlyForDeploymentPostprocessing = 0;
			shellPath = /bin/sh;
			shellScript = "diff \"${PODS_PODFILE_DIR_PATH}/Podfile.lock\" \"${PODS_ROOT}/Manifest.lock\" > /dev/null\nif [ $? != 0 ] ; then\n    # print error to STDERR\n    echo \"error: The sandbox is not in sync with the Podfile.lock. Run 'pod install' or update your CocoaPods installation.\" >&2\n    exit 1\nfi\n";
			showEnvVarsInLog = 0;
		};
/* End PBXShellScriptBuildPhase section */

/* Begin PBXSourcesBuildPhase section */
		6C11B1E91FA8E3C200ADB414 /* Sources */ = {
			isa = PBXSourcesBuildPhase;
			buildActionMask = 2147483647;
			files = (
				6C3118F11FB18B0C001B7D47 /* ImageClass.swift in Sources */,
				6C11B1F31FA8E3C200ADB414 /* ViewController.swift in Sources */,
				6C7EC93B1FB239A20014393E /* RecipeNetworking.swift in Sources */,
				6C7EC93D1FB2424B0014393E /* Recipe.swift in Sources */,
				6C11B1F11FA8E3C200ADB414 /* AppDelegate.swift in Sources */,
				6C3118EF1FB186C3001B7D47 /* WastonNetworking.swift in Sources */,
			);
			runOnlyForDeploymentPostprocessing = 0;
		};
/* End PBXSourcesBuildPhase section */

/* Begin PBXVariantGroup section */
		6C11B1F41FA8E3C200ADB414 /* Main.storyboard */ = {
			isa = PBXVariantGroup;
			children = (
				6C11B1F51FA8E3C200ADB414 /* Base */,
			);
			name = Main.storyboard;
			sourceTree = "<group>";
		};
		6C11B1F91FA8E3C200ADB414 /* LaunchScreen.storyboard */ = {
			isa = PBXVariantGroup;
			children = (
				6C11B1FA1FA8E3C200ADB414 /* Base */,
			);
			name = LaunchScreen.storyboard;
			sourceTree = "<group>";
		};
/* End PBXVariantGroup section */

/* Begin XCBuildConfiguration section */
		6C11B1FD1FA8E3C200ADB414 /* Debug */ = {
			isa = XCBuildConfiguration;
			buildSettings = {
				ALWAYS_SEARCH_USER_PATHS = NO;
				CLANG_ANALYZER_NONNULL = YES;
				CLANG_ANALYZER_NUMBER_OBJECT_CONVERSION = YES_AGGRESSIVE;
				CLANG_CXX_LANGUAGE_STANDARD = "gnu++14";
				CLANG_CXX_LIBRARY = "libc++";
				CLANG_ENABLE_MODULES = YES;
				CLANG_ENABLE_OBJC_ARC = YES;
				CLANG_WARN_BLOCK_CAPTURE_AUTORELEASING = YES;
				CLANG_WARN_BOOL_CONVERSION = YES;
				CLANG_WARN_COMMA = YES;
				CLANG_WARN_CONSTANT_CONVERSION = YES;
				CLANG_WARN_DIRECT_OBJC_ISA_USAGE = YES_ERROR;
				CLANG_WARN_DOCUMENTATION_COMMENTS = YES;
				CLANG_WARN_EMPTY_BODY = YES;
				CLANG_WARN_ENUM_CONVERSION = YES;
				CLANG_WARN_INFINITE_RECURSION = YES;
				CLANG_WARN_INT_CONVERSION = YES;
				CLANG_WARN_NON_LITERAL_NULL_CONVERSION = YES;
				CLANG_WARN_OBJC_LITERAL_CONVERSION = YES;
				CLANG_WARN_OBJC_ROOT_CLASS = YES_ERROR;
				CLANG_WARN_RANGE_LOOP_ANALYSIS = YES;
				CLANG_WARN_STRICT_PROTOTYPES = YES;
				CLANG_WARN_SUSPICIOUS_MOVE = YES;
				CLANG_WARN_UNGUARDED_AVAILABILITY = YES_AGGRESSIVE;
				CLANG_WARN_UNREACHABLE_CODE = YES;
				CLANG_WARN__DUPLICATE_METHOD_MATCH = YES;
				CODE_SIGN_IDENTITY = "iPhone Developer";
				COPY_PHASE_STRIP = NO;
				DEBUG_INFORMATION_FORMAT = dwarf;
				ENABLE_STRICT_OBJC_MSGSEND = YES;
				ENABLE_TESTABILITY = YES;
				GCC_C_LANGUAGE_STANDARD = gnu11;
				GCC_DYNAMIC_NO_PIC = NO;
				GCC_NO_COMMON_BLOCKS = YES;
				GCC_OPTIMIZATION_LEVEL = 0;
				GCC_PREPROCESSOR_DEFINITIONS = (
					"DEBUG=1",
					"$(inherited)",
				);
				GCC_WARN_64_TO_32_BIT_CONVERSION = YES;
				GCC_WARN_ABOUT_RETURN_TYPE = YES_ERROR;
				GCC_WARN_UNDECLARED_SELECTOR = YES;
				GCC_WARN_UNINITIALIZED_AUTOS = YES_AGGRESSIVE;
				GCC_WARN_UNUSED_FUNCTION = YES;
				GCC_WARN_UNUSED_VARIABLE = YES;
				IPHONEOS_DEPLOYMENT_TARGET = 11.0;
				MTL_ENABLE_DEBUG_INFO = YES;
				ONLY_ACTIVE_ARCH = YES;
				SDKROOT = iphoneos;
				SWIFT_ACTIVE_COMPILATION_CONDITIONS = DEBUG;
				SWIFT_OPTIMIZATION_LEVEL = "-Onone";
			};
			name = Debug;
		};
		6C11B1FE1FA8E3C200ADB414 /* Release */ = {
			isa = XCBuildConfiguration;
			buildSettings = {
				ALWAYS_SEARCH_USER_PATHS = NO;
				CLANG_ANALYZER_NONNULL = YES;
				CLANG_ANALYZER_NUMBER_OBJECT_CONVERSION = YES_AGGRESSIVE;
				CLANG_CXX_LANGUAGE_STANDARD = "gnu++14";
				CLANG_CXX_LIBRARY = "libc++";
				CLANG_ENABLE_MODULES = YES;
				CLANG_ENABLE_OBJC_ARC = YES;
				CLANG_WARN_BLOCK_CAPTURE_AUTORELEASING = YES;
				CLANG_WARN_BOOL_CONVERSION = YES;
				CLANG_WARN_COMMA = YES;
				CLANG_WARN_CONSTANT_CONVERSION = YES;
				CLANG_WARN_DIRECT_OBJC_ISA_USAGE = YES_ERROR;
				CLANG_WARN_DOCUMENTATION_COMMENTS = YES;
				CLANG_WARN_EMPTY_BODY = YES;
				CLANG_WARN_ENUM_CONVERSION = YES;
				CLANG_WARN_INFINITE_RECURSION = YES;
				CLANG_WARN_INT_CONVERSION = YES;
				CLANG_WARN_NON_LITERAL_NULL_CONVERSION = YES;
				CLANG_WARN_OBJC_LITERAL_CONVERSION = YES;
				CLANG_WARN_OBJC_ROOT_CLASS = YES_ERROR;
				CLANG_WARN_RANGE_LOOP_ANALYSIS = YES;
				CLANG_WARN_STRICT_PROTOTYPES = YES;
				CLANG_WARN_SUSPICIOUS_MOVE = YES;
				CLANG_WARN_UNGUARDED_AVAILABILITY = YES_AGGRESSIVE;
				CLANG_WARN_UNREACHABLE_CODE = YES;
				CLANG_WARN__DUPLICATE_METHOD_MATCH = YES;
				CODE_SIGN_IDENTITY = "iPhone Developer";
				COPY_PHASE_STRIP = NO;
				DEBUG_INFORMATION_FORMAT = "dwarf-with-dsym";
				ENABLE_NS_ASSERTIONS = NO;
				ENABLE_STRICT_OBJC_MSGSEND = YES;
				GCC_C_LANGUAGE_STANDARD = gnu11;
				GCC_NO_COMMON_BLOCKS = YES;
				GCC_WARN_64_TO_32_BIT_CONVERSION = YES;
				GCC_WARN_ABOUT_RETURN_TYPE = YES_ERROR;
				GCC_WARN_UNDECLARED_SELECTOR = YES;
				GCC_WARN_UNINITIALIZED_AUTOS = YES_AGGRESSIVE;
				GCC_WARN_UNUSED_FUNCTION = YES;
				GCC_WARN_UNUSED_VARIABLE = YES;
				IPHONEOS_DEPLOYMENT_TARGET = 11.0;
				MTL_ENABLE_DEBUG_INFO = NO;
				SDKROOT = iphoneos;
				SWIFT_OPTIMIZATION_LEVEL = "-Owholemodule";
				VALIDATE_PRODUCT = YES;
			};
			name = Release;
		};
		6C11B2001FA8E3C200ADB414 /* Debug */ = {
			isa = XCBuildConfiguration;
			baseConfigurationReference = C01729D2B147BD537DF98F32 /* Pods-Grocery.debug.xcconfig */;
			buildSettings = {
				ASSETCATALOG_COMPILER_APPICON_NAME = AppIcon;
				CODE_SIGN_STYLE = Automatic;
				INFOPLIST_FILE = "$(SRCROOT)/Grocery/Supporting/Info.plist";
				LD_RUNPATH_SEARCH_PATHS = "$(inherited) @executable_path/Frameworks";
				PRODUCT_BUNDLE_IDENTIFIER = "com.Melody-Yang.Grocery";
				PRODUCT_NAME = "$(TARGET_NAME)";
				SWIFT_VERSION = 4.0;
				TARGETED_DEVICE_FAMILY = "1,2";
			};
			name = Debug;
		};
		6C11B2011FA8E3C200ADB414 /* Release */ = {
			isa = XCBuildConfiguration;
			baseConfigurationReference = B3BE1E9EFA1E45FEEE95B557 /* Pods-Grocery.release.xcconfig */;
			buildSettings = {
				ASSETCATALOG_COMPILER_APPICON_NAME = AppIcon;
				CODE_SIGN_STYLE = Automatic;
				INFOPLIST_FILE = "$(SRCROOT)/Grocery/Supporting/Info.plist";
				LD_RUNPATH_SEARCH_PATHS = "$(inherited) @executable_path/Frameworks";
				PRODUCT_BUNDLE_IDENTIFIER = "com.Melody-Yang.Grocery";
				PRODUCT_NAME = "$(TARGET_NAME)";
				SWIFT_VERSION = 4.0;
				TARGETED_DEVICE_FAMILY = "1,2";
			};
			name = Release;
		};
/* End XCBuildConfiguration section */

/* Begin XCConfigurationList section */
		6C11B1E81FA8E3C200ADB414 /* Build configuration list for PBXProject "Grocery" */ = {
			isa = XCConfigurationList;
			buildConfigurations = (
				6C11B1FD1FA8E3C200ADB414 /* Debug */,
				6C11B1FE1FA8E3C200ADB414 /* Release */,
			);
			defaultConfigurationIsVisible = 0;
			defaultConfigurationName = Release;
		};
		6C11B1FF1FA8E3C200ADB414 /* Build configuration list for PBXNativeTarget "Grocery" */ = {
			isa = XCConfigurationList;
			buildConfigurations = (
				6C11B2001FA8E3C200ADB414 /* Debug */,
				6C11B2011FA8E3C200ADB414 /* Release */,
			);
			defaultConfigurationIsVisible = 0;
			defaultConfigurationName = Release;
		};
/* End XCConfigurationList section */
	};
	rootObject = 6C11B1E51FA8E3C200ADB414 /* Project object */;
}
