// !$*UTF8*$!
{
	archiveVersion = 1;
	classes = {
	};
	objectVersion = 48;
	objects = {

/* Begin PBXBuildFile section */
		5E97F58C8BF6F4FF2C1C7256 /* Pods_Grocery.framework in Frameworks */ = {isa = PBXBuildFile; fileRef = A5403BC941B683735328BA79 /* Pods_Grocery.framework */; };
		6C11B1F11FA8E3C200ADB414 /* AppDelegate.swift in Sources */ = {isa = PBXBuildFile; fileRef = 6C11B1F01FA8E3C200ADB414 /* AppDelegate.swift */; };
		6C11B1F61FA8E3C200ADB414 /* Main.storyboard in Resources */ = {isa = PBXBuildFile; fileRef = 6C11B1F41FA8E3C200ADB414 /* Main.storyboard */; };
		6C11B1F81FA8E3C200ADB414 /* Assets.xcassets in Resources */ = {isa = PBXBuildFile; fileRef = 6C11B1F71FA8E3C200ADB414 /* Assets.xcassets */; };
		6C11B1FB1FA8E3C200ADB414 /* LaunchScreen.storyboard in Resources */ = {isa = PBXBuildFile; fileRef = 6C11B1F91FA8E3C200ADB414 /* LaunchScreen.storyboard */; };
		6C26D7441FDE5D7E008DFC6B /* OptionTableVC.swift in Sources */ = {isa = PBXBuildFile; fileRef = 6C26D7431FDE5D7E008DFC6B /* OptionTableVC.swift */; };
		6C26D7461FDE5DC6008DFC6B /* OptionTableCell.swift in Sources */ = {isa = PBXBuildFile; fileRef = 6C26D7451FDE5DC6008DFC6B /* OptionTableCell.swift */; };
		6C26D7481FE0597B008DFC6B /* CustomButton.swift in Sources */ = {isa = PBXBuildFile; fileRef = 6C26D7471FE0597B008DFC6B /* CustomButton.swift */; };
		6C26D74A1FE0622B008DFC6B /* GlobalRecipe.swift in Sources */ = {isa = PBXBuildFile; fileRef = 6C26D7491FE0622B008DFC6B /* GlobalRecipe.swift */; };
		6C3118F11FB18B0C001B7D47 /* ImageClass.swift in Sources */ = {isa = PBXBuildFile; fileRef = 6C3118F01FB18B0C001B7D47 /* ImageClass.swift */; };
		6C3869021FDCC80800010B3E /* RecipeDetailVC.swift in Sources */ = {isa = PBXBuildFile; fileRef = 6C3869011FDCC80800010B3E /* RecipeDetailVC.swift */; };
		6C3869061FDCCF5100010B3E /* IngredientTableVC.swift in Sources */ = {isa = PBXBuildFile; fileRef = 6C3869051FDCCF5100010B3E /* IngredientTableVC.swift */; };
		6C3869081FDCE24C00010B3E /* WebViewVC.swift in Sources */ = {isa = PBXBuildFile; fileRef = 6C3869071FDCE24C00010B3E /* WebViewVC.swift */; };
		6C422FFA1FD3E7EB00F8940E /* IngredientTableCell.swift in Sources */ = {isa = PBXBuildFile; fileRef = 6C422FF91FD3E7EB00F8940E /* IngredientTableCell.swift */; };
		6C76F0CE200F2786003C5656 /* GetRecipe.swift in Sources */ = {isa = PBXBuildFile; fileRef = 6C76F0CD200F2786003C5656 /* GetRecipe.swift */; };
		6C7EC81F1FC3CF49007A6312 /* BasicAuth.swift in Sources */ = {isa = PBXBuildFile; fileRef = 6C7EC81E1FC3CF49007A6312 /* BasicAuth.swift */; };
		6C7EC8271FC3DAC6007A6312 /* UIImage+Extension.swift in Sources */ = {isa = PBXBuildFile; fileRef = 6C7EC8261FC3DAC6007A6312 /* UIImage+Extension.swift */; };
		6C7EC93D1FB2424B0014393E /* Recipe.swift in Sources */ = {isa = PBXBuildFile; fileRef = 6C7EC93C1FB2424B0014393E /* Recipe.swift */; };
		6C92FC8D203051DC007AC0D5 /* CustomTableViewCell.swift in Sources */ = {isa = PBXBuildFile; fileRef = 6C92FC8C203051DC007AC0D5 /* CustomTableViewCell.swift */; };
		6CC777051FB622C40030C0FF /* Networking.swift in Sources */ = {isa = PBXBuildFile; fileRef = 6CC777041FB622C30030C0FF /* Networking.swift */; };
		6CE0A7221FC4FD72008BB306 /* RecipeVC.swift in Sources */ = {isa = PBXBuildFile; fileRef = 6CE0A7211FC4FD72008BB306 /* RecipeVC.swift */; };
		6CE0A7261FCCBDF8008BB306 /* UserCell.swift in Sources */ = {isa = PBXBuildFile; fileRef = 6CE0A7251FCCBDF8008BB306 /* UserCell.swift */; };
		6CE441A41FDD1EB400D6C25C /* URLParam+Extension.swift in Sources */ = {isa = PBXBuildFile; fileRef = 6CE441A31FDD1EB400D6C25C /* URLParam+Extension.swift */; };
		6CE441A61FDD3D4100D6C25C /* User.swift in Sources */ = {isa = PBXBuildFile; fileRef = 6CE441A51FDD3D4100D6C25C /* User.swift */; };
		6CE441A81FDD3D5D00D6C25C /* UserRecipe.swift in Sources */ = {isa = PBXBuildFile; fileRef = 6CE441A71FDD3D5D00D6C25C /* UserRecipe.swift */; };
		6CE441AA1FDD3DFA00D6C25C /* LikedRecipeVC.swift in Sources */ = {isa = PBXBuildFile; fileRef = 6CE441A91FDD3DFA00D6C25C /* LikedRecipeVC.swift */; };
		6CE441AC1FDD3E4900D6C25C /* LikedRecipeCell.swift in Sources */ = {isa = PBXBuildFile; fileRef = 6CE441AB1FDD3E4900D6C25C /* LikedRecipeCell.swift */; };
		6CE441AE1FDD452A00D6C25C /* OptionCollectionVC.swift in Sources */ = {isa = PBXBuildFile; fileRef = 6CE441AD1FDD452A00D6C25C /* OptionCollectionVC.swift */; };
		6CE441B01FDD457200D6C25C /* OptionCell.swift in Sources */ = {isa = PBXBuildFile; fileRef = 6CE441AF1FDD457200D6C25C /* OptionCell.swift */; };
		6CE441B21FDD4B1800D6C25C /* OptionsVC.swift in Sources */ = {isa = PBXBuildFile; fileRef = 6CE441B11FDD4B1800D6C25C /* OptionsVC.swift */; };
		6CE441B61FDD6C4F00D6C25C /* LoginVC.swift in Sources */ = {isa = PBXBuildFile; fileRef = 6CE441B51FDD6C4F00D6C25C /* LoginVC.swift */; };
		99F189821FC32817008FF32F /* TabBarVC.swift in Sources */ = {isa = PBXBuildFile; fileRef = 99F189811FC32817008FF32F /* TabBarVC.swift */; };
/* End PBXBuildFile section */

/* Begin PBXFileReference section */
		6C11B1ED1FA8E3C200ADB414 /* Grocery.app */ = {isa = PBXFileReference; explicitFileType = wrapper.application; includeInIndex = 0; path = Grocery.app; sourceTree = BUILT_PRODUCTS_DIR; };
		6C11B1F01FA8E3C200ADB414 /* AppDelegate.swift */ = {isa = PBXFileReference; lastKnownFileType = sourcecode.swift; path = AppDelegate.swift; sourceTree = "<group>"; };
		6C11B1F51FA8E3C200ADB414 /* Base */ = {isa = PBXFileReference; lastKnownFileType = file.storyboard; name = Base; path = Base.lproj/Main.storyboard; sourceTree = "<group>"; };
		6C11B1F71FA8E3C200ADB414 /* Assets.xcassets */ = {isa = PBXFileReference; lastKnownFileType = folder.assetcatalog; path = Assets.xcassets; sourceTree = "<group>"; };
		6C11B1FA1FA8E3C200ADB414 /* Base */ = {isa = PBXFileReference; lastKnownFileType = file.storyboard; name = Base; path = Base.lproj/LaunchScreen.storyboard; sourceTree = "<group>"; };
		6C11B1FC1FA8E3C200ADB414 /* Info.plist */ = {isa = PBXFileReference; lastKnownFileType = text.plist.xml; path = Info.plist; sourceTree = "<group>"; };
		6C26D7431FDE5D7E008DFC6B /* OptionTableVC.swift */ = {isa = PBXFileReference; lastKnownFileType = sourcecode.swift; path = OptionTableVC.swift; sourceTree = "<group>"; };
		6C26D7451FDE5DC6008DFC6B /* OptionTableCell.swift */ = {isa = PBXFileReference; lastKnownFileType = sourcecode.swift; path = OptionTableCell.swift; sourceTree = "<group>"; };
		6C26D7471FE0597B008DFC6B /* CustomButton.swift */ = {isa = PBXFileReference; lastKnownFileType = sourcecode.swift; path = CustomButton.swift; sourceTree = "<group>"; };
		6C26D7491FE0622B008DFC6B /* GlobalRecipe.swift */ = {isa = PBXFileReference; lastKnownFileType = sourcecode.swift; path = GlobalRecipe.swift; sourceTree = "<group>"; };
		6C3118F01FB18B0C001B7D47 /* ImageClass.swift */ = {isa = PBXFileReference; lastKnownFileType = sourcecode.swift; path = ImageClass.swift; sourceTree = "<group>"; };
		6C3869011FDCC80800010B3E /* RecipeDetailVC.swift */ = {isa = PBXFileReference; lastKnownFileType = sourcecode.swift; path = RecipeDetailVC.swift; sourceTree = "<group>"; };
		6C3869051FDCCF5100010B3E /* IngredientTableVC.swift */ = {isa = PBXFileReference; lastKnownFileType = sourcecode.swift; path = IngredientTableVC.swift; sourceTree = "<group>"; };
		6C3869071FDCE24C00010B3E /* WebViewVC.swift */ = {isa = PBXFileReference; lastKnownFileType = sourcecode.swift; path = WebViewVC.swift; sourceTree = "<group>"; };
		6C422FF91FD3E7EB00F8940E /* IngredientTableCell.swift */ = {isa = PBXFileReference; lastKnownFileType = sourcecode.swift; path = IngredientTableCell.swift; sourceTree = "<group>"; };
		6C76F0CD200F2786003C5656 /* GetRecipe.swift */ = {isa = PBXFileReference; lastKnownFileType = sourcecode.swift; path = GetRecipe.swift; sourceTree = "<group>"; };
		6C7EC81E1FC3CF49007A6312 /* BasicAuth.swift */ = {isa = PBXFileReference; lastKnownFileType = sourcecode.swift; path = BasicAuth.swift; sourceTree = "<group>"; };
		6C7EC8261FC3DAC6007A6312 /* UIImage+Extension.swift */ = {isa = PBXFileReference; fileEncoding = 4; lastKnownFileType = sourcecode.swift; name = "UIImage+Extension.swift"; path = "Extensions/UIImage+Extension.swift"; sourceTree = "<group>"; };
		6C7EC93C1FB2424B0014393E /* Recipe.swift */ = {isa = PBXFileReference; lastKnownFileType = sourcecode.swift; path = Recipe.swift; sourceTree = "<group>"; };
		6C92FC8C203051DC007AC0D5 /* CustomTableViewCell.swift */ = {isa = PBXFileReference; lastKnownFileType = sourcecode.swift; path = CustomTableViewCell.swift; sourceTree = "<group>"; };
		6CC777041FB622C30030C0FF /* Networking.swift */ = {isa = PBXFileReference; lastKnownFileType = sourcecode.swift; path = Networking.swift; sourceTree = "<group>"; };
		6CE0A7211FC4FD72008BB306 /* RecipeVC.swift */ = {isa = PBXFileReference; lastKnownFileType = sourcecode.swift; path = RecipeVC.swift; sourceTree = "<group>"; };
		6CE0A7251FCCBDF8008BB306 /* UserCell.swift */ = {isa = PBXFileReference; lastKnownFileType = sourcecode.swift; path = UserCell.swift; sourceTree = "<group>"; };
		6CE441A31FDD1EB400D6C25C /* URLParam+Extension.swift */ = {isa = PBXFileReference; lastKnownFileType = sourcecode.swift; name = "URLParam+Extension.swift"; path = "Extensions/URLParam+Extension.swift"; sourceTree = "<group>"; };
		6CE441A51FDD3D4100D6C25C /* User.swift */ = {isa = PBXFileReference; lastKnownFileType = sourcecode.swift; path = User.swift; sourceTree = "<group>"; };
		6CE441A71FDD3D5D00D6C25C /* UserRecipe.swift */ = {isa = PBXFileReference; lastKnownFileType = sourcecode.swift; path = UserRecipe.swift; sourceTree = "<group>"; };
		6CE441A91FDD3DFA00D6C25C /* LikedRecipeVC.swift */ = {isa = PBXFileReference; lastKnownFileType = sourcecode.swift; path = LikedRecipeVC.swift; sourceTree = "<group>"; };
		6CE441AB1FDD3E4900D6C25C /* LikedRecipeCell.swift */ = {isa = PBXFileReference; lastKnownFileType = sourcecode.swift; path = LikedRecipeCell.swift; sourceTree = "<group>"; };
		6CE441AD1FDD452A00D6C25C /* OptionCollectionVC.swift */ = {isa = PBXFileReference; lastKnownFileType = sourcecode.swift; path = OptionCollectionVC.swift; sourceTree = "<group>"; };
		6CE441AF1FDD457200D6C25C /* OptionCell.swift */ = {isa = PBXFileReference; lastKnownFileType = sourcecode.swift; path = OptionCell.swift; sourceTree = "<group>"; };
		6CE441B11FDD4B1800D6C25C /* OptionsVC.swift */ = {isa = PBXFileReference; lastKnownFileType = sourcecode.swift; path = OptionsVC.swift; sourceTree = "<group>"; };
		6CE441B51FDD6C4F00D6C25C /* LoginVC.swift */ = {isa = PBXFileReference; lastKnownFileType = sourcecode.swift; path = LoginVC.swift; sourceTree = "<group>"; };
		99F189811FC32817008FF32F /* TabBarVC.swift */ = {isa = PBXFileReference; lastKnownFileType = sourcecode.swift; path = TabBarVC.swift; sourceTree = "<group>"; };
		A5403BC941B683735328BA79 /* Pods_Grocery.framework */ = {isa = PBXFileReference; explicitFileType = wrapper.framework; includeInIndex = 0; path = Pods_Grocery.framework; sourceTree = BUILT_PRODUCTS_DIR; };
		B3BE1E9EFA1E45FEEE95B557 /* Pods-Grocery.release.xcconfig */ = {isa = PBXFileReference; includeInIndex = 1; lastKnownFileType = text.xcconfig; name = "Pods-Grocery.release.xcconfig"; path = "Pods/Target Support Files/Pods-Grocery/Pods-Grocery.release.xcconfig"; sourceTree = "<group>"; };
		C01729D2B147BD537DF98F32 /* Pods-Grocery.debug.xcconfig */ = {isa = PBXFileReference; includeInIndex = 1; lastKnownFileType = text.xcconfig; name = "Pods-Grocery.debug.xcconfig"; path = "Pods/Target Support Files/Pods-Grocery/Pods-Grocery.debug.xcconfig"; sourceTree = "<group>"; };
/* End PBXFileReference section */

/* Begin PBXFrameworksBuildPhase section */
		6C11B1EA1FA8E3C200ADB414 /* Frameworks */ = {
			isa = PBXFrameworksBuildPhase;
			buildActionMask = 2147483647;
			files = (
				5E97F58C8BF6F4FF2C1C7256 /* Pods_Grocery.framework in Frameworks */,
			);
			runOnlyForDeploymentPostprocessing = 0;
		};
/* End PBXFrameworksBuildPhase section */

/* Begin PBXGroup section */
		6C11B1E41FA8E3C200ADB414 = {
			isa = PBXGroup;
			children = (
				6C11B1EF1FA8E3C200ADB414 /* Grocery */,
				6C11B1F41FA8E3C200ADB414 /* Main.storyboard */,
				6C11B1EE1FA8E3C200ADB414 /* Products */,
				F64E06F0334E5C5EB1186EDE /* Pods */,
				6D97331AF6D65645CDCC6BE7 /* Frameworks */,
			);
			sourceTree = "<group>";
		};
		6C11B1EE1FA8E3C200ADB414 /* Products */ = {
			isa = PBXGroup;
			children = (
				6C11B1ED1FA8E3C200ADB414 /* Grocery.app */,
			);
			name = Products;
			sourceTree = "<group>";
		};
		6C11B1EF1FA8E3C200ADB414 /* Grocery */ = {
			isa = PBXGroup;
			children = (
				6CE441B31FDD539300D6C25C /* UI */,
				6C7EC8251FC3DAB0007A6312 /* Extensions */,
				6C3118E91FB185FC001B7D47 /* Models */,
				6C3118EB1FB1861C001B7D47 /* Views */,
				6C3118EC1FB18626001B7D47 /* Services */,
				6C3118ED1FB18636001B7D47 /* Supporting */,
			);
			path = Grocery;
			sourceTree = "<group>";
		};
		6C3118E91FB185FC001B7D47 /* Models */ = {
			isa = PBXGroup;
			children = (
				6C3118F01FB18B0C001B7D47 /* ImageClass.swift */,
				6C7EC93C1FB2424B0014393E /* Recipe.swift */,
				6CE441A51FDD3D4100D6C25C /* User.swift */,
				6CE441A71FDD3D5D00D6C25C /* UserRecipe.swift */,
				6C26D7491FE0622B008DFC6B /* GlobalRecipe.swift */,
			);
			path = Models;
			sourceTree = "<group>";
		};
		6C3118EA1FB18607001B7D47 /* VCs */ = {
			isa = PBXGroup;
			children = (
				99F189811FC32817008FF32F /* TabBarVC.swift */,
				6CE0A7211FC4FD72008BB306 /* RecipeVC.swift */,
				6C3869011FDCC80800010B3E /* RecipeDetailVC.swift */,
				6CE441A91FDD3DFA00D6C25C /* LikedRecipeVC.swift */,
				6CE441B11FDD4B1800D6C25C /* OptionsVC.swift */,
				6CE441B51FDD6C4F00D6C25C /* LoginVC.swift */,
			);
			path = VCs;
			sourceTree = "<group>";
		};
		6C3118EB1FB1861C001B7D47 /* Views */ = {
			isa = PBXGroup;
			children = (
				6CE0A7251FCCBDF8008BB306 /* UserCell.swift */,
				6C422FF91FD3E7EB00F8940E /* IngredientTableCell.swift */,
				6CE441AB1FDD3E4900D6C25C /* LikedRecipeCell.swift */,
				6CE441AF1FDD457200D6C25C /* OptionCell.swift */,
				6C26D7451FDE5DC6008DFC6B /* OptionTableCell.swift */,
			);
			path = Views;
			sourceTree = "<group>";
		};
		6C3118EC1FB18626001B7D47 /* Services */ = {
			isa = PBXGroup;
			children = (
				6CC777041FB622C30030C0FF /* Networking.swift */,
				6C7EC81E1FC3CF49007A6312 /* BasicAuth.swift */,
				6C76F0CD200F2786003C5656 /* GetRecipe.swift */,
			);
			path = Services;
			sourceTree = "<group>";
		};
		6C3118ED1FB18636001B7D47 /* Supporting */ = {
			isa = PBXGroup;
			children = (
				6C11B1FC1FA8E3C200ADB414 /* Info.plist */,
				6C11B1F91FA8E3C200ADB414 /* LaunchScreen.storyboard */,
				6C11B1F71FA8E3C200ADB414 /* Assets.xcassets */,
				6C11B1F01FA8E3C200ADB414 /* AppDelegate.swift */,
			);
			path = Supporting;
			sourceTree = "<group>";
		};
		6C7EC8251FC3DAB0007A6312 /* Extensions */ = {
			isa = PBXGroup;
			children = (
				6C7EC8261FC3DAC6007A6312 /* UIImage+Extension.swift */,
				6CE441A31FDD1EB400D6C25C /* URLParam+Extension.swift */,
			);
			name = Extensions;
			sourceTree = "<group>";
		};
		6C92FC8E20306F73007AC0D5 /* UIElements */ = {
			isa = PBXGroup;
			children = (
				6C26D7471FE0597B008DFC6B /* CustomButton.swift */,
				6C92FC8C203051DC007AC0D5 /* CustomTableViewCell.swift */,
			);
			path = UIElements;
			sourceTree = "<group>";
		};
		6CE441B31FDD539300D6C25C /* UI */ = {
			isa = PBXGroup;
			children = (
				6C92FC8E20306F73007AC0D5 /* UIElements */,
				6C3118EA1FB18607001B7D47 /* VCs */,
				6CE441B41FDD539F00D6C25C /* ChildVCs */,
			);
			path = UI;
			sourceTree = "<group>";
		};
		6CE441B41FDD539F00D6C25C /* ChildVCs */ = {
			isa = PBXGroup;
			children = (
				6C3869071FDCE24C00010B3E /* WebViewVC.swift */,
				6C3869051FDCCF5100010B3E /* IngredientTableVC.swift */,
				6CE441AD1FDD452A00D6C25C /* OptionCollectionVC.swift */,
				6C26D7431FDE5D7E008DFC6B /* OptionTableVC.swift */,
			);
			path = ChildVCs;
			sourceTree = "<group>";
		};
		6D97331AF6D65645CDCC6BE7 /* Frameworks */ = {
			isa = PBXGroup;
			children = (
				A5403BC941B683735328BA79 /* Pods_Grocery.framework */,
			);
			name = Frameworks;
			sourceTree = "<group>";
		};
		F64E06F0334E5C5EB1186EDE /* Pods */ = {
			isa = PBXGroup;
			children = (
				C01729D2B147BD537DF98F32 /* Pods-Grocery.debug.xcconfig */,
				B3BE1E9EFA1E45FEEE95B557 /* Pods-Grocery.release.xcconfig */,
			);
			name = Pods;
			sourceTree = "<group>";
		};
/* End PBXGroup section */

/* Begin PBXNativeTarget section */
		6C11B1EC1FA8E3C200ADB414 /* Grocery */ = {
			isa = PBXNativeTarget;
			buildConfigurationList = 6C11B1FF1FA8E3C200ADB414 /* Build configuration list for PBXNativeTarget "Grocery" */;
			buildPhases = (
				F78FCEB91CF6EA1013B80132 /* [CP] Check Pods Manifest.lock */,
				6C11B1E91FA8E3C200ADB414 /* Sources */,
				6C11B1EA1FA8E3C200ADB414 /* Frameworks */,
				6C11B1EB1FA8E3C200ADB414 /* Resources */,
				0D7ED5B0AAD166FF5C352C2B /* [CP] Embed Pods Frameworks */,
				3FA214480BB51215D856B192 /* [CP] Copy Pods Resources */,
			);
			buildRules = (
			);
			dependencies = (
			);
			name = Grocery;
			productName = Grocery;
			productReference = 6C11B1ED1FA8E3C200ADB414 /* Grocery.app */;
			productType = "com.apple.product-type.application";
		};
/* End PBXNativeTarget section */

/* Begin PBXProject section */
		6C11B1E51FA8E3C200ADB414 /* Project object */ = {
			isa = PBXProject;
			attributes = {
				LastSwiftUpdateCheck = 0900;
				LastUpgradeCheck = 0900;
				ORGANIZATIONNAME = "Melody Yang";
				TargetAttributes = {
					6C11B1EC1FA8E3C200ADB414 = {
						CreatedOnToolsVersion = 9.0;
						ProvisioningStyle = Automatic;
					};
				};
			};
			buildConfigurationList = 6C11B1E81FA8E3C200ADB414 /* Build configuration list for PBXProject "Grocery" */;
			compatibilityVersion = "Xcode 8.0";
			developmentRegion = en;
			hasScannedForEncodings = 0;
			knownRegions = (
				en,
				Base,
			);
			mainGroup = 6C11B1E41FA8E3C200ADB414;
			productRefGroup = 6C11B1EE1FA8E3C200ADB414 /* Products */;
			projectDirPath = "";
			projectRoot = "";
			targets = (
				6C11B1EC1FA8E3C200ADB414 /* Grocery */,
			);
		};
/* End PBXProject section */

/* Begin PBXResourcesBuildPhase section */
		6C11B1EB1FA8E3C200ADB414 /* Resources */ = {
			isa = PBXResourcesBuildPhase;
			buildActionMask = 2147483647;
			files = (
				6C11B1FB1FA8E3C200ADB414 /* LaunchScreen.storyboard in Resources */,
				6C11B1F81FA8E3C200ADB414 /* Assets.xcassets in Resources */,
				6C11B1F61FA8E3C200ADB414 /* Main.storyboard in Resources */,
			);
			runOnlyForDeploymentPostprocessing = 0;
		};
/* End PBXResourcesBuildPhase section */

/* Begin PBXShellScriptBuildPhase section */
		0D7ED5B0AAD166FF5C352C2B /* [CP] Embed Pods Frameworks */ = {
			isa = PBXShellScriptBuildPhase;
			buildActionMask = 2147483647;
			files = (
			);
			inputPaths = (
				"${SRCROOT}/Pods/Target Support Files/Pods-Grocery/Pods-Grocery-frameworks.sh",
				"${BUILT_PRODUCTS_DIR}/Gloss/Gloss.framework",
			);
			name = "[CP] Embed Pods Frameworks";
			outputPaths = (
				"${TARGET_BUILD_DIR}/${FRAMEWORKS_FOLDER_PATH}/Gloss.framework",
			);
			runOnlyForDeploymentPostprocessing = 0;
			shellPath = /bin/sh;
			shellScript = "\"${SRCROOT}/Pods/Target Support Files/Pods-Grocery/Pods-Grocery-frameworks.sh\"\n";
			showEnvVarsInLog = 0;
		};
		3FA214480BB51215D856B192 /* [CP] Copy Pods Resources */ = {
			isa = PBXShellScriptBuildPhase;
			buildActionMask = 2147483647;
			files = (
			);
			inputPaths = (
			);
			name = "[CP] Copy Pods Resources";
			outputPaths = (
			);
			runOnlyForDeploymentPostprocessing = 0;
			shellPath = /bin/sh;
			shellScript = "\"${SRCROOT}/Pods/Target Support Files/Pods-Grocery/Pods-Grocery-resources.sh\"\n";
			showEnvVarsInLog = 0;
		};
		F78FCEB91CF6EA1013B80132 /* [CP] Check Pods Manifest.lock */ = {
			isa = PBXShellScriptBuildPhase;
			buildActionMask = 2147483647;
			files = (
			);
			inputPaths = (
				"${PODS_PODFILE_DIR_PATH}/Podfile.lock",
				"${PODS_ROOT}/Manifest.lock",
			);
			name = "[CP] Check Pods Manifest.lock";
			outputPaths = (
				"$(DERIVED_FILE_DIR)/Pods-Grocery-checkManifestLockResult.txt",
			);
			runOnlyForDeploymentPostprocessing = 0;
			shellPath = /bin/sh;
			shellScript = "diff \"${PODS_PODFILE_DIR_PATH}/Podfile.lock\" \"${PODS_ROOT}/Manifest.lock\" > /dev/null\nif [ $? != 0 ] ; then\n    # print error to STDERR\n    echo \"error: The sandbox is not in sync with the Podfile.lock. Run 'pod install' or update your CocoaPods installation.\" >&2\n    exit 1\nfi\n";
			showEnvVarsInLog = 0;
		};
/* End PBXShellScriptBuildPhase section */

/* Begin PBXSourcesBuildPhase section */
		6C11B1E91FA8E3C200ADB414 /* Sources */ = {
			isa = PBXSourcesBuildPhase;
			buildActionMask = 2147483647;
			files = (
				6CE441AA1FDD3DFA00D6C25C /* LikedRecipeVC.swift in Sources */,
				6C3118F11FB18B0C001B7D47 /* ImageClass.swift in Sources */,
				6C76F0CE200F2786003C5656 /* GetRecipe.swift in Sources */,
				6C7EC8271FC3DAC6007A6312 /* UIImage+Extension.swift in Sources */,
				6CE441AE1FDD452A00D6C25C /* OptionCollectionVC.swift in Sources */,
				6CE441AC1FDD3E4900D6C25C /* LikedRecipeCell.swift in Sources */,
				6CE0A7221FC4FD72008BB306 /* RecipeVC.swift in Sources */,
				6CE0A7261FCCBDF8008BB306 /* UserCell.swift in Sources */,
				99F189821FC32817008FF32F /* TabBarVC.swift in Sources */,
				6CE441A81FDD3D5D00D6C25C /* UserRecipe.swift in Sources */,
				6C26D74A1FE0622B008DFC6B /* GlobalRecipe.swift in Sources */,
				6C7EC93D1FB2424B0014393E /* Recipe.swift in Sources */,
				6C11B1F11FA8E3C200ADB414 /* AppDelegate.swift in Sources */,
				6C26D7481FE0597B008DFC6B /* CustomButton.swift in Sources */,
				6CE441A61FDD3D4100D6C25C /* User.swift in Sources */,
				6C26D7441FDE5D7E008DFC6B /* OptionTableVC.swift in Sources */,
				6C422FFA1FD3E7EB00F8940E /* IngredientTableCell.swift in Sources */,
				6C26D7461FDE5DC6008DFC6B /* OptionTableCell.swift in Sources */,
				6CE441B01FDD457200D6C25C /* OptionCell.swift in Sources */,
				6C3869081FDCE24C00010B3E /* WebViewVC.swift in Sources */,
				6C92FC8D203051DC007AC0D5 /* CustomTableViewCell.swift in Sources */,
				6CE441A41FDD1EB400D6C25C /* URLParam+Extension.swift in Sources */,
				6C3869021FDCC80800010B3E /* RecipeDetailVC.swift in Sources */,
				6CE441B21FDD4B1800D6C25C /* OptionsVC.swift in Sources */,
				6CE441B61FDD6C4F00D6C25C /* LoginVC.swift in Sources */,
				6C7EC81F1FC3CF49007A6312 /* BasicAuth.swift in Sources */,
				6C3869061FDCCF5100010B3E /* IngredientTableVC.swift in Sources */,
				6CC777051FB622C40030C0FF /* Networking.swift in Sources */,
			);
			runOnlyForDeploymentPostprocessing = 0;
		};
/* End PBXSourcesBuildPhase section */

/* Begin PBXVariantGroup section */
		6C11B1F41FA8E3C200ADB414 /* Main.storyboard */ = {
			isa = PBXVariantGroup;
			children = (
				6C11B1F51FA8E3C200ADB414 /* Base */,
			);
			name = Main.storyboard;
			sourceTree = "<group>";
		};
		6C11B1F91FA8E3C200ADB414 /* LaunchScreen.storyboard */ = {
			isa = PBXVariantGroup;
			children = (
				6C11B1FA1FA8E3C200ADB414 /* Base */,
			);
			name = LaunchScreen.storyboard;
			sourceTree = "<group>";
		};
/* End PBXVariantGroup section */

/* Begin XCBuildConfiguration section */
		6C11B1FD1FA8E3C200ADB414 /* Debug */ = {
			isa = XCBuildConfiguration;
			buildSettings = {
				ALWAYS_SEARCH_USER_PATHS = NO;
				CLANG_ANALYZER_NONNULL = YES;
				CLANG_ANALYZER_NUMBER_OBJECT_CONVERSION = YES_AGGRESSIVE;
				CLANG_CXX_LANGUAGE_STANDARD = "gnu++14";
				CLANG_CXX_LIBRARY = "libc++";
				CLANG_ENABLE_MODULES = YES;
				CLANG_ENABLE_OBJC_ARC = YES;
				CLANG_WARN_BLOCK_CAPTURE_AUTORELEASING = YES;
				CLANG_WARN_BOOL_CONVERSION = YES;
				CLANG_WARN_COMMA = YES;
				CLANG_WARN_CONSTANT_CONVERSION = YES;
				CLANG_WARN_DIRECT_OBJC_ISA_USAGE = YES_ERROR;
				CLANG_WARN_DOCUMENTATION_COMMENTS = YES;
				CLANG_WARN_EMPTY_BODY = YES;
				CLANG_WARN_ENUM_CONVERSION = YES;
				CLANG_WARN_INFINITE_RECURSION = YES;
				CLANG_WARN_INT_CONVERSION = YES;
				CLANG_WARN_NON_LITERAL_NULL_CONVERSION = YES;
				CLANG_WARN_OBJC_LITERAL_CONVERSION = YES;
				CLANG_WARN_OBJC_ROOT_CLASS = YES_ERROR;
				CLANG_WARN_RANGE_LOOP_ANALYSIS = YES;
				CLANG_WARN_STRICT_PROTOTYPES = YES;
				CLANG_WARN_SUSPICIOUS_MOVE = YES;
				CLANG_WARN_UNGUARDED_AVAILABILITY = YES_AGGRESSIVE;
				CLANG_WARN_UNREACHABLE_CODE = YES;
				CLANG_WARN__DUPLICATE_METHOD_MATCH = YES;
				CODE_SIGN_IDENTITY = "iPhone Developer";
				COPY_PHASE_STRIP = NO;
				DEBUG_INFORMATION_FORMAT = dwarf;
				ENABLE_STRICT_OBJC_MSGSEND = YES;
				ENABLE_TESTABILITY = YES;
				GCC_C_LANGUAGE_STANDARD = gnu11;
				GCC_DYNAMIC_NO_PIC = NO;
				GCC_NO_COMMON_BLOCKS = YES;
				GCC_OPTIMIZATION_LEVEL = 0;
				GCC_PREPROCESSOR_DEFINITIONS = (
					"DEBUG=1",
					"$(inherited)",
				);
				GCC_WARN_64_TO_32_BIT_CONVERSION = YES;
				GCC_WARN_ABOUT_RETURN_TYPE = YES_ERROR;
				GCC_WARN_UNDECLARED_SELECTOR = YES;
				GCC_WARN_UNINITIALIZED_AUTOS = YES_AGGRESSIVE;
				GCC_WARN_UNUSED_FUNCTION = YES;
				GCC_WARN_UNUSED_VARIABLE = YES;
				IPHONEOS_DEPLOYMENT_TARGET = 11.0;
				MTL_ENABLE_DEBUG_INFO = YES;
				ONLY_ACTIVE_ARCH = YES;
				SDKROOT = iphoneos;
				SWIFT_ACTIVE_COMPILATION_CONDITIONS = DEBUG;
				SWIFT_OPTIMIZATION_LEVEL = "-Onone";
			};
			name = Debug;
		};
		6C11B1FE1FA8E3C200ADB414 /* Release */ = {
			isa = XCBuildConfiguration;
			buildSettings = {
				ALWAYS_SEARCH_USER_PATHS = NO;
				CLANG_ANALYZER_NONNULL = YES;
				CLANG_ANALYZER_NUMBER_OBJECT_CONVERSION = YES_AGGRESSIVE;
				CLANG_CXX_LANGUAGE_STANDARD = "gnu++14";
				CLANG_CXX_LIBRARY = "libc++";
				CLANG_ENABLE_MODULES = YES;
				CLANG_ENABLE_OBJC_ARC = YES;
				CLANG_WARN_BLOCK_CAPTURE_AUTORELEASING = YES;
				CLANG_WARN_BOOL_CONVERSION = YES;
				CLANG_WARN_COMMA = YES;
				CLANG_WARN_CONSTANT_CONVERSION = YES;
				CLANG_WARN_DIRECT_OBJC_ISA_USAGE = YES_ERROR;
				CLANG_WARN_DOCUMENTATION_COMMENTS = YES;
				CLANG_WARN_EMPTY_BODY = YES;
				CLANG_WARN_ENUM_CONVERSION = YES;
				CLANG_WARN_INFINITE_RECURSION = YES;
				CLANG_WARN_INT_CONVERSION = YES;
				CLANG_WARN_NON_LITERAL_NULL_CONVERSION = YES;
				CLANG_WARN_OBJC_LITERAL_CONVERSION = YES;
				CLANG_WARN_OBJC_ROOT_CLASS = YES_ERROR;
				CLANG_WARN_RANGE_LOOP_ANALYSIS = YES;
				CLANG_WARN_STRICT_PROTOTYPES = YES;
				CLANG_WARN_SUSPICIOUS_MOVE = YES;
				CLANG_WARN_UNGUARDED_AVAILABILITY = YES_AGGRESSIVE;
				CLANG_WARN_UNREACHABLE_CODE = YES;
				CLANG_WARN__DUPLICATE_METHOD_MATCH = YES;
				CODE_SIGN_IDENTITY = "iPhone Developer";
				COPY_PHASE_STRIP = NO;
				DEBUG_INFORMATION_FORMAT = "dwarf-with-dsym";
				ENABLE_NS_ASSERTIONS = NO;
				ENABLE_STRICT_OBJC_MSGSEND = YES;
				GCC_C_LANGUAGE_STANDARD = gnu11;
				GCC_NO_COMMON_BLOCKS = YES;
				GCC_WARN_64_TO_32_BIT_CONVERSION = YES;
				GCC_WARN_ABOUT_RETURN_TYPE = YES_ERROR;
				GCC_WARN_UNDECLARED_SELECTOR = YES;
				GCC_WARN_UNINITIALIZED_AUTOS = YES_AGGRESSIVE;
				GCC_WARN_UNUSED_FUNCTION = YES;
				GCC_WARN_UNUSED_VARIABLE = YES;
				IPHONEOS_DEPLOYMENT_TARGET = 11.0;
				MTL_ENABLE_DEBUG_INFO = NO;
				SDKROOT = iphoneos;
				SWIFT_OPTIMIZATION_LEVEL = "-Owholemodule";
				VALIDATE_PRODUCT = YES;
			};
			name = Release;
		};
		6C11B2001FA8E3C200ADB414 /* Debug */ = {
			isa = XCBuildConfiguration;
			baseConfigurationReference = C01729D2B147BD537DF98F32 /* Pods-Grocery.debug.xcconfig */;
			buildSettings = {
				ASSETCATALOG_COMPILER_APPICON_NAME = AppIcon;
				CODE_SIGN_STYLE = Automatic;
				DEVELOPMENT_TEAM = 9JYNRTHSJ3;
				INFOPLIST_FILE = "$(SRCROOT)/Grocery/Supporting/Info.plist";
				IPHONEOS_DEPLOYMENT_TARGET = 11.0;
				LD_RUNPATH_SEARCH_PATHS = "$(inherited) @executable_path/Frameworks";
				PRODUCT_BUNDLE_IDENTIFIER = "com.Melody-Yang.Grocery";
				PRODUCT_NAME = "$(TARGET_NAME)";
				SWIFT_VERSION = 4.0;
				TARGETED_DEVICE_FAMILY = "1,2";
			};
			name = Debug;
		};
		6C11B2011FA8E3C200ADB414 /* Release */ = {
			isa = XCBuildConfiguration;
			baseConfigurationReference = B3BE1E9EFA1E45FEEE95B557 /* Pods-Grocery.release.xcconfig */;
			buildSettings = {
				ASSETCATALOG_COMPILER_APPICON_NAME = AppIcon;
				CODE_SIGN_STYLE = Automatic;
				DEVELOPMENT_TEAM = 9JYNRTHSJ3;
				INFOPLIST_FILE = "$(SRCROOT)/Grocery/Supporting/Info.plist";
				IPHONEOS_DEPLOYMENT_TARGET = 11.0;
				LD_RUNPATH_SEARCH_PATHS = "$(inherited) @executable_path/Frameworks";
				PRODUCT_BUNDLE_IDENTIFIER = "com.Melody-Yang.Grocery";
				PRODUCT_NAME = "$(TARGET_NAME)";
				SWIFT_VERSION = 4.0;
				TARGETED_DEVICE_FAMILY = "1,2";
			};
			name = Release;
		};
/* End XCBuildConfiguration section */

/* Begin XCConfigurationList section */
		6C11B1E81FA8E3C200ADB414 /* Build configuration list for PBXProject "Grocery" */ = {
			isa = XCConfigurationList;
			buildConfigurations = (
				6C11B1FD1FA8E3C200ADB414 /* Debug */,
				6C11B1FE1FA8E3C200ADB414 /* Release */,
			);
			defaultConfigurationIsVisible = 0;
			defaultConfigurationName = Release;
		};
		6C11B1FF1FA8E3C200ADB414 /* Build configuration list for PBXNativeTarget "Grocery" */ = {
			isa = XCConfigurationList;
			buildConfigurations = (
				6C11B2001FA8E3C200ADB414 /* Debug */,
				6C11B2011FA8E3C200ADB414 /* Release */,
			);
			defaultConfigurationIsVisible = 0;
			defaultConfigurationName = Release;
		};
/* End XCConfigurationList section */
	};
	rootObject = 6C11B1E51FA8E3C200ADB414 /* Project object */;
}
